
Microsoft Visual Studio Solution File, Format Version 12.00
# Visual Studio Version 17
VisualStudioVersion = 17.3.32901.215
MinimumVisualStudioVersion = 10.0.40219.1
Project("{FAE04EC0-301F-11D3-BF4B-00C04F79EFBC}") = "StudyDesignPatern", "StudyDesignPatern\StudyDesignPatern.csproj", "{52BF6E98-0B81-490C-A849-713B368ABA30}"
EndProject
Project("{FAE04EC0-301F-11D3-BF4B-00C04F79EFBC}") = "IIteratorParttern", "IIteratorParttern\IIteratorParttern.csproj", "{D5BC0B9D-DB6C-4471-81C8-F498586921BC}"
EndProject
Project("{FAE04EC0-301F-11D3-BF4B-00C04F79EFBC}") = "PrototypeParttern", "PrototypeParttern\PrototypeParttern.csproj", "{09A43D45-A78D-47C4-A63A-1BE03723B2F6}"
EndProject
Project("{FAE04EC0-301F-11D3-BF4B-00C04F79EFBC}") = "ProxyParttern", "ProxyParttern\ProxyParttern.csproj", "{C03E10E1-56DD-4E60-B0D6-2718D5EE1759}"
EndProject
Project("{FAE04EC0-301F-11D3-BF4B-00C04F79EFBC}") = "AdapterParttern", "AdapterParttern\AdapterParttern.csproj", "{80CF7DDF-CA53-40D8-A389-A34D77802037}"
EndProject
Project("{2150E333-8FDC-42A3-9474-1A3956D46DE8}") = "Solution Items", "Solution Items", "{E1ECD874-FC3F-449C-8416-1D9273D153BB}"
EndProject
Project("{FAE04EC0-301F-11D3-BF4B-00C04F79EFBC}") = "AbstractFactory", "AbstractFactory\AbstractFactory.csproj", "{CEA6804D-A6F4-4FFC-800A-B723D0BB7DF3}"
EndProject
Project("{FAE04EC0-301F-11D3-BF4B-00C04F79EFBC}") = "TemplateMethod", "TemplateMethod\TemplateMethod.csproj", "{6E62F83A-519D-4C69-A0E4-EFDF48A6F5AE}"
EndProject
Project("{FAE04EC0-301F-11D3-BF4B-00C04F79EFBC}") = "BridgeParttern", "BridgeParttern\BridgeParttern.csproj", "{E065246C-8B81-47E2-87CC-C406917A18DF}"
EndProject
Project("{FAE04EC0-301F-11D3-BF4B-00C04F79EFBC}") = "CompositeParttern", "CompositeParttern\CompositeParttern.csproj", "{242EBF34-DC22-4303-898F-4AFB16884E4F}"
EndProject
Global
	GlobalSection(SolutionConfigurationPlatforms) = preSolution
		Debug|Any CPU = Debug|Any CPU
		Release|Any CPU = Release|Any CPU
	EndGlobalSection
	GlobalSection(ProjectConfigurationPlatforms) = postSolution
		{52BF6E98-0B81-490C-A849-713B368ABA30}.Debug|Any CPU.ActiveCfg = Debug|Any CPU
		{52BF6E98-0B81-490C-A849-713B368ABA30}.Debug|Any CPU.Build.0 = Debug|Any CPU
		{52BF6E98-0B81-490C-A849-713B368ABA30}.Release|Any CPU.ActiveCfg = Release|Any CPU
		{52BF6E98-0B81-490C-A849-713B368ABA30}.Release|Any CPU.Build.0 = Release|Any CPU
		{D5BC0B9D-DB6C-4471-81C8-F498586921BC}.Debug|Any CPU.ActiveCfg = Debug|Any CPU
		{D5BC0B9D-DB6C-4471-81C8-F498586921BC}.Debug|Any CPU.Build.0 = Debug|Any CPU
		{D5BC0B9D-DB6C-4471-81C8-F498586921BC}.Release|Any CPU.ActiveCfg = Release|Any CPU
		{D5BC0B9D-DB6C-4471-81C8-F498586921BC}.Release|Any CPU.Build.0 = Release|Any CPU
		{09A43D45-A78D-47C4-A63A-1BE03723B2F6}.Debug|Any CPU.ActiveCfg = Debug|Any CPU
		{09A43D45-A78D-47C4-A63A-1BE03723B2F6}.Debug|Any CPU.Build.0 = Debug|Any CPU
		{09A43D45-A78D-47C4-A63A-1BE03723B2F6}.Release|Any CPU.ActiveCfg = Release|Any CPU
		{09A43D45-A78D-47C4-A63A-1BE03723B2F6}.Release|Any CPU.Build.0 = Release|Any CPU
		{C03E10E1-56DD-4E60-B0D6-2718D5EE1759}.Debug|Any CPU.ActiveCfg = Debug|Any CPU
		{C03E10E1-56DD-4E60-B0D6-2718D5EE1759}.Debug|Any CPU.Build.0 = Debug|Any CPU
		{C03E10E1-56DD-4E60-B0D6-2718D5EE1759}.Release|Any CPU.ActiveCfg = Release|Any CPU
		{C03E10E1-56DD-4E60-B0D6-2718D5EE1759}.Release|Any CPU.Build.0 = Release|Any CPU
		{80CF7DDF-CA53-40D8-A389-A34D77802037}.Debug|Any CPU.ActiveCfg = Debug|Any CPU
		{80CF7DDF-CA53-40D8-A389-A34D77802037}.Debug|Any CPU.Build.0 = Debug|Any CPU
		{80CF7DDF-CA53-40D8-A389-A34D77802037}.Release|Any CPU.ActiveCfg = Release|Any CPU
		{80CF7DDF-CA53-40D8-A389-A34D77802037}.Release|Any CPU.Build.0 = Release|Any CPU
		{CEA6804D-A6F4-4FFC-800A-B723D0BB7DF3}.Debug|Any CPU.ActiveCfg = Debug|Any CPU
		{CEA6804D-A6F4-4FFC-800A-B723D0BB7DF3}.Debug|Any CPU.Build.0 = Debug|Any CPU
		{CEA6804D-A6F4-4FFC-800A-B723D0BB7DF3}.Release|Any CPU.ActiveCfg = Release|Any CPU
		{CEA6804D-A6F4-4FFC-800A-B723D0BB7DF3}.Release|Any CPU.Build.0 = Release|Any CPU
		{6E62F83A-519D-4C69-A0E4-EFDF48A6F5AE}.Debug|Any CPU.ActiveCfg = Debug|Any CPU
		{6E62F83A-519D-4C69-A0E4-EFDF48A6F5AE}.Debug|Any CPU.Build.0 = Debug|Any CPU
		{6E62F83A-519D-4C69-A0E4-EFDF48A6F5AE}.Release|Any CPU.ActiveCfg = Release|Any CPU
		{6E62F83A-519D-4C69-A0E4-EFDF48A6F5AE}.Release|Any CPU.Build.0 = Release|Any CPU
		{E065246C-8B81-47E2-87CC-C406917A18DF}.Debug|Any CPU.ActiveCfg = Debug|Any CPU
		{E065246C-8B81-47E2-87CC-C406917A18DF}.Debug|Any CPU.Build.0 = Debug|Any CPU
		{E065246C-8B81-47E2-87CC-C406917A18DF}.Release|Any CPU.ActiveCfg = Release|Any CPU
		{E065246C-8B81-47E2-87CC-C406917A18DF}.Release|Any CPU.Build.0 = Release|Any CPU
		{242EBF34-DC22-4303-898F-4AFB16884E4F}.Debug|Any CPU.ActiveCfg = Debug|Any CPU
		{242EBF34-DC22-4303-898F-4AFB16884E4F}.Debug|Any CPU.Build.0 = Debug|Any CPU
		{242EBF34-DC22-4303-898F-4AFB16884E4F}.Release|Any CPU.ActiveCfg = Release|Any CPU
		{242EBF34-DC22-4303-898F-4AFB16884E4F}.Release|Any CPU.Build.0 = Release|Any CPU
	EndGlobalSection
	GlobalSection(SolutionProperties) = preSolution
		HideSolutionNode = FALSE
	EndGlobalSection
	GlobalSection(ExtensibilityGlobals) = postSolution
		SolutionGuid = {38849BD8-6F45-4493-A556-99749BD2753E}
	EndGlobalSection
EndGlobal
